
Microsoft Visual Studio Solution File, Format Version 12.00
# Visual Studio Version 16
VisualStudioVersion = 16.0.30717.126
MinimumVisualStudioVersion = 10.0.40219.1
Project("{FAE04EC0-301F-11D3-BF4B-00C04F79EFBC}") = "HeroGame", "StatePatternWPF\HeroGame.csproj", "{22324EA0-878A-4CB2-BEF5-1393B8C893A8}"
EndProject
Global
	GlobalSection(SolutionConfigurationPlatforms) = preSolution
		Debug|Any CPU = Debug|Any CPU
		Release|Any CPU = Release|Any CPU
	EndGlobalSection
	GlobalSection(ProjectConfigurationPlatforms) = postSolution
		{22324EA0-878A-4CB2-BEF5-1393B8C893A8}.Debug|Any CPU.ActiveCfg = Debug|Any CPU
		{22324EA0-878A-4CB2-BEF5-1393B8C893A8}.Debug|Any CPU.Build.0 = Debug|Any CPU
		{22324EA0-878A-4CB2-BEF5-1393B8C893A8}.Release|Any CPU.ActiveCfg = Release|Any CPU
		{22324EA0-878A-4CB2-BEF5-1393B8C893A8}.Release|Any CPU.Build.0 = Release|Any CPU
	EndGlobalSection
	GlobalSection(SolutionProperties) = preSolution
		HideSolutionNode = FALSE
	EndGlobalSection
	GlobalSection(ExtensibilityGlobals) = postSolution
		SolutionGuid = {D06FE241-C8CD-47B1-B32B-719F3144017C}
	EndGlobalSection
EndGlobal
